// !$*UTF8*$!
{
	archiveVersion = 1;
	classes = {
	};
	objectVersion = 46;
	objects = {

/* Begin PBXBuildFile section */
		11E6A745966D77BE0F7A8159 /* Pods_Test.framework in Frameworks */ = {isa = PBXBuildFile; fileRef = 5017EBB37E55C7CD7ECE44EB /* Pods_Test.framework */; };
		845A799B1F343784008B1241 /* FloatView.m in Sources */ = {isa = PBXBuildFile; fileRef = 845A799A1F343784008B1241 /* FloatView.m */; };
		845A799D1F343A21008B1241 /* UIView+LH.swift in Sources */ = {isa = PBXBuildFile; fileRef = 845A799C1F343A21008B1241 /* UIView+LH.swift */; };
		846818EB1F3C060300B5C5BF /* FirstViewController.swift in Sources */ = {isa = PBXBuildFile; fileRef = 846818E81F3C060300B5C5BF /* FirstViewController.swift */; };
		846818EC1F3C060300B5C5BF /* GlobalView.swift in Sources */ = {isa = PBXBuildFile; fileRef = 846818E91F3C060300B5C5BF /* GlobalView.swift */; };
		846818ED1F3C060300B5C5BF /* SCXDetailViewController.swift in Sources */ = {isa = PBXBuildFile; fileRef = 846818EA1F3C060300B5C5BF /* SCXDetailViewController.swift */; };
		846818F01F3C07AD00B5C5BF /* RecordViewController.swift in Sources */ = {isa = PBXBuildFile; fileRef = 846818EF1F3C07AD00B5C5BF /* RecordViewController.swift */; };
		849E3CFA1F395626003FD26E /* Assets.xcassets in Resources */ = {isa = PBXBuildFile; fileRef = 849E3CF91F395626003FD26E /* Assets.xcassets */; };
		84AB27BF1EF0C89400D39BA7 /* AppDelegate.swift in Sources */ = {isa = PBXBuildFile; fileRef = 84AB27BE1EF0C89400D39BA7 /* AppDelegate.swift */; };
		84AB27C11EF0C89400D39BA7 /* ViewController.swift in Sources */ = {isa = PBXBuildFile; fileRef = 84AB27C01EF0C89400D39BA7 /* ViewController.swift */; };
		84AB27C41EF0C89400D39BA7 /* Main.storyboard in Resources */ = {isa = PBXBuildFile; fileRef = 84AB27C21EF0C89400D39BA7 /* Main.storyboard */; };
		84AB27C91EF0C89400D39BA7 /* LaunchScreen.storyboard in Resources */ = {isa = PBXBuildFile; fileRef = 84AB27C71EF0C89400D39BA7 /* LaunchScreen.storyboard */; };
		84AB27D41EF0C89400D39BA7 /* TestTests.swift in Sources */ = {isa = PBXBuildFile; fileRef = 84AB27D31EF0C89400D39BA7 /* TestTests.swift */; };
		84AB27DF1EF0C89400D39BA7 /* TestUITests.swift in Sources */ = {isa = PBXBuildFile; fileRef = 84AB27DE1EF0C89400D39BA7 /* TestUITests.swift */; };
		84BC8F5A1F414E62007AAA24 /* CyclePageViewController.swift in Sources */ = {isa = PBXBuildFile; fileRef = 84BC8F591F414E62007AAA24 /* CyclePageViewController.swift */; };
		84BC8FBE1F41534F007AAA24 /* HStartSelectView.m in Sources */ = {isa = PBXBuildFile; fileRef = 84BC8F5E1F41534E007AAA24 /* HStartSelectView.m */; };
		84BC8FBF1F41534F007AAA24 /* SCXMusicModel.swift in Sources */ = {isa = PBXBuildFile; fileRef = 84BC8F611F41534F007AAA24 /* SCXMusicModel.swift */; };
		84BC8FC01F41534F007AAA24 /* SCXPlayModel.swift in Sources */ = {isa = PBXBuildFile; fileRef = 84BC8F621F41534F007AAA24 /* SCXPlayModel.swift */; };
		84BC8FC11F41534F007AAA24 /* SCXModelTool.swift in Sources */ = {isa = PBXBuildFile; fileRef = 84BC8F641F41534F007AAA24 /* SCXModelTool.swift */; };
		84BC8FC21F41534F007AAA24 /* SCXMusicMidTool.swift in Sources */ = {isa = PBXBuildFile; fileRef = 84BC8F651F41534F007AAA24 /* SCXMusicMidTool.swift */; };
		84BC8FC31F41534F007AAA24 /* SCXPlayTool.swift in Sources */ = {isa = PBXBuildFile; fileRef = 84BC8F661F41534F007AAA24 /* SCXPlayTool.swift */; };
		84BC8FC41F41534F007AAA24 /* SCXTimeTool.swift in Sources */ = {isa = PBXBuildFile; fileRef = 84BC8F671F41534F007AAA24 /* SCXTimeTool.swift */; };
		84BC8FC51F41534F007AAA24 /* SCXPopAnimation.swift in Sources */ = {isa = PBXBuildFile; fileRef = 84BC8F6A1F41534F007AAA24 /* SCXPopAnimation.swift */; };
		84BC8FC61F41534F007AAA24 /* SCXPresentationController.swift in Sources */ = {isa = PBXBuildFile; fileRef = 84BC8F6B1F41534F007AAA24 /* SCXPresentationController.swift */; };
		84BC8FC71F41534F007AAA24 /* SCXBottomView.swift in Sources */ = {isa = PBXBuildFile; fileRef = 84BC8F6D1F41534F007AAA24 /* SCXBottomView.swift */; };
		84BC8FC81F41534F007AAA24 /* SCXMidView.swift in Sources */ = {isa = PBXBuildFile; fileRef = 84BC8F6F1F41534F007AAA24 /* SCXMidView.swift */; };
		84BC8FC91F41534F007AAA24 /* DropListCoverView.swift in Sources */ = {isa = PBXBuildFile; fileRef = 84BC8F711F41534F007AAA24 /* DropListCoverView.swift */; };
		84BC8FCA1F41534F007AAA24 /* MusicListTableViewCell.swift in Sources */ = {isa = PBXBuildFile; fileRef = 84BC8F721F41534F007AAA24 /* MusicListTableViewCell.swift */; };
		84BC8FCB1F41534F007AAA24 /* MusicListTableViewCell.xib in Resources */ = {isa = PBXBuildFile; fileRef = 84BC8F731F41534F007AAA24 /* MusicListTableViewCell.xib */; };
		84BC8FCC1F41534F007AAA24 /* MusicListView.swift in Sources */ = {isa = PBXBuildFile; fileRef = 84BC8F741F41534F007AAA24 /* MusicListView.swift */; };
		84BC8FCD1F41534F007AAA24 /* SCXTopView.swift in Sources */ = {isa = PBXBuildFile; fileRef = 84BC8F761F41534F007AAA24 /* SCXTopView.swift */; };
		84BC8FCE1F41534F007AAA24 /* File.swift in Sources */ = {isa = PBXBuildFile; fileRef = 84BC8F781F41534F007AAA24 /* File.swift */; };
		84BC8FCF1F41534F007AAA24 /* bb@2x.jpg in Resources */ = {isa = PBXBuildFile; fileRef = 84BC8F7A1F41534F007AAA24 /* bb@2x.jpg */; };
		84BC8FD01F41534F007AAA24 /* bb_icon@2x.jpg in Resources */ = {isa = PBXBuildFile; fileRef = 84BC8F7B1F41534F007AAA24 /* bb_icon@2x.jpg */; };
		84BC8FD11F41534F007AAA24 /* dzq@2x.jpg in Resources */ = {isa = PBXBuildFile; fileRef = 84BC8F7C1F41534F007AAA24 /* dzq@2x.jpg */; };
		84BC8FD21F41534F007AAA24 /* dzq_icon@2x.jpg in Resources */ = {isa = PBXBuildFile; fileRef = 84BC8F7D1F41534F007AAA24 /* dzq_icon@2x.jpg */; };
		84BC8FD31F41534F007AAA24 /* eason@2x.jpg in Resources */ = {isa = PBXBuildFile; fileRef = 84BC8F7E1F41534F007AAA24 /* eason@2x.jpg */; };
		84BC8FD41F41534F007AAA24 /* eason_icon@2x.jpg in Resources */ = {isa = PBXBuildFile; fileRef = 84BC8F7F1F41534F007AAA24 /* eason_icon@2x.jpg */; };
		84BC8FD51F41534F007AAA24 /* jay@2x.jpg in Resources */ = {isa = PBXBuildFile; fileRef = 84BC8F801F41534F007AAA24 /* jay@2x.jpg */; };
		84BC8FD61F41534F007AAA24 /* jay_icon@2x.png in Resources */ = {isa = PBXBuildFile; fileRef = 84BC8F811F41534F007AAA24 /* jay_icon@2x.png */; };
		84BC8FD71F41534F007AAA24 /* jj@2x.jpg in Resources */ = {isa = PBXBuildFile; fileRef = 84BC8F821F41534F007AAA24 /* jj@2x.jpg */; };
		84BC8FD81F41534F007AAA24 /* jj_icon@2x.png in Resources */ = {isa = PBXBuildFile; fileRef = 84BC8F831F41534F007AAA24 /* jj_icon@2x.png */; };
		84BC8FD91F41534F007AAA24 /* kzxd@2x.jpg in Resources */ = {isa = PBXBuildFile; fileRef = 84BC8F841F41534F007AAA24 /* kzxd@2x.jpg */; };
		84BC8FDA1F41534F007AAA24 /* kzxd_icon@2x.jpg in Resources */ = {isa = PBXBuildFile; fileRef = 84BC8F851F41534F007AAA24 /* kzxd_icon@2x.jpg */; };
		84BC8FDB1F41534F007AAA24 /* lkq@2x.jpg in Resources */ = {isa = PBXBuildFile; fileRef = 84BC8F861F41534F007AAA24 /* lkq@2x.jpg */; };
		84BC8FDC1F41534F007AAA24 /* lkq_icon@2x.jpg in Resources */ = {isa = PBXBuildFile; fileRef = 84BC8F871F41534F007AAA24 /* lkq_icon@2x.jpg */; };
		84BC8FDD1F41534F007AAA24 /* nanquan@2x.jpg in Resources */ = {isa = PBXBuildFile; fileRef = 84BC8F881F41534F007AAA24 /* nanquan@2x.jpg */; };
		84BC8FDE1F41534F007AAA24 /* nanquan_icon@2x.jpg in Resources */ = {isa = PBXBuildFile; fileRef = 84BC8F891F41534F007AAA24 /* nanquan_icon@2x.jpg */; };
		84BC8FDF1F41534F007AAA24 /* wf@2x.jpg in Resources */ = {isa = PBXBuildFile; fileRef = 84BC8F8A1F41534F007AAA24 /* wf@2x.jpg */; };
		84BC8FE01F41534F007AAA24 /* wf_icon@2x.jpg in Resources */ = {isa = PBXBuildFile; fileRef = 84BC8F8B1F41534F007AAA24 /* wf_icon@2x.jpg */; };
		84BC8FE11F41534F007AAA24 /* zxy@2x.jpg in Resources */ = {isa = PBXBuildFile; fileRef = 84BC8F8C1F41534F007AAA24 /* zxy@2x.jpg */; };
		84BC8FE21F41534F007AAA24 /* zxy_icon@2x.jpg in Resources */ = {isa = PBXBuildFile; fileRef = 84BC8F8D1F41534F007AAA24 /* zxy_icon@2x.jpg */; };
		84BC8FE31F41534F007AAA24 /* 10405520.lrc in Resources */ = {isa = PBXBuildFile; fileRef = 84BC8F8F1F41534F007AAA24 /* 10405520.lrc */; };
		84BC8FE41F41534F007AAA24 /* 10736444.lrc in Resources */ = {isa = PBXBuildFile; fileRef = 84BC8F901F41534F007AAA24 /* 10736444.lrc */; };
		84BC8FE51F41534F007AAA24 /* 120125029.lrc in Resources */ = {isa = PBXBuildFile; fileRef = 84BC8F911F41534F007AAA24 /* 120125029.lrc */; };
		84BC8FE61F41534F007AAA24 /* 12309111.lrc in Resources */ = {isa = PBXBuildFile; fileRef = 84BC8F921F41534F007AAA24 /* 12309111.lrc */; };
		84BC8FE71F41534F007AAA24 /* 14945107.lrc in Resources */ = {isa = PBXBuildFile; fileRef = 84BC8F931F41534F007AAA24 /* 14945107.lrc */; };
		84BC8FE81F41534F007AAA24 /* 235319.lrc in Resources */ = {isa = PBXBuildFile; fileRef = 84BC8F941F41534F007AAA24 /* 235319.lrc */; };
		84BC8FE91F41534F007AAA24 /* 255319.lrc in Resources */ = {isa = PBXBuildFile; fileRef = 84BC8F951F41534F007AAA24 /* 255319.lrc */; };
		84BC8FEA1F41534F007AAA24 /* 309769.lrc in Resources */ = {isa = PBXBuildFile; fileRef = 84BC8F961F41534F007AAA24 /* 309769.lrc */; };
		84BC8FEB1F41534F007AAA24 /* 339744.lrc in Resources */ = {isa = PBXBuildFile; fileRef = 84BC8F971F41534F007AAA24 /* 339744.lrc */; };
		84BC8FEC1F41534F007AAA24 /* 后弦 - 小周末-bb0b7b6dec6a924c2ea9ff1dec40634c-17520166-00000000.lrc in Resources */ = {isa = PBXBuildFile; fileRef = 84BC8F981F41534F007AAA24 /* 后弦 - 小周末-bb0b7b6dec6a924c2ea9ff1dec40634c-17520166-00000000.lrc */; };
		84BC8FED1F41534F007AAA24 /* 月半小夜曲.lrc in Resources */ = {isa = PBXBuildFile; fileRef = 84BC8F991F41534F007AAA24 /* 月半小夜曲.lrc */; };
		84BC8FEE1F41534F007AAA24 /* 10405520.mp3 in Resources */ = {isa = PBXBuildFile; fileRef = 84BC8F9B1F41534F007AAA24 /* 10405520.mp3 */; };
		84BC8FEF1F41534F007AAA24 /* 10736444.mp3 in Resources */ = {isa = PBXBuildFile; fileRef = 84BC8F9C1F41534F007AAA24 /* 10736444.mp3 */; };
		84BC8FF01F41534F007AAA24 /* 1201111234.mp3 in Resources */ = {isa = PBXBuildFile; fileRef = 84BC8F9D1F41534F007AAA24 /* 1201111234.mp3 */; };
		84BC8FF11F41534F007AAA24 /* 120125029.mp3 in Resources */ = {isa = PBXBuildFile; fileRef = 84BC8F9E1F41534F007AAA24 /* 120125029.mp3 */; };
		84BC8FF21F41534F007AAA24 /* 12309111.mp3 in Resources */ = {isa = PBXBuildFile; fileRef = 84BC8F9F1F41534F007AAA24 /* 12309111.mp3 */; };
		84BC8FF31F41534F007AAA24 /* 14945107.mp3 in Resources */ = {isa = PBXBuildFile; fileRef = 84BC8FA01F41534F007AAA24 /* 14945107.mp3 */; };
		84BC8FF41F41534F007AAA24 /* 235319.mp3 in Resources */ = {isa = PBXBuildFile; fileRef = 84BC8FA11F41534F007AAA24 /* 235319.mp3 */; };
		84BC8FF51F41534F007AAA24 /* 255319.mp3 in Resources */ = {isa = PBXBuildFile; fileRef = 84BC8FA21F41534F007AAA24 /* 255319.mp3 */; };
		84BC8FF61F41534F007AAA24 /* 309769.mp3 in Resources */ = {isa = PBXBuildFile; fileRef = 84BC8FA31F41534F007AAA24 /* 309769.mp3 */; };
		84BC8FF71F41534F007AAA24 /* 339744.mp3 in Resources */ = {isa = PBXBuildFile; fileRef = 84BC8FA41F41534F007AAA24 /* 339744.mp3 */; };
		84BC8FF81F41534F007AAA24 /* 后弦 - 小周末.mp3 in Resources */ = {isa = PBXBuildFile; fileRef = 84BC8FA51F41534F007AAA24 /* 后弦 - 小周末.mp3 */; };
		84BC8FF91F41534F007AAA24 /* Musics.plist in Resources */ = {isa = PBXBuildFile; fileRef = 84BC8FA61F41534F007AAA24 /* Musics.plist */; };
		84BC8FFA1F41534F007AAA24 /* QQListBack.jpg in Resources */ = {isa = PBXBuildFile; fileRef = 84BC8FA71F41534F007AAA24 /* QQListBack.jpg */; };
		84BC8FFB1F41534F007AAA24 /* SCCycleScrollView.swift in Sources */ = {isa = PBXBuildFile; fileRef = 84BC8FA91F41534F007AAA24 /* SCCycleScrollView.swift */; };
		84BC8FFC1F41534F007AAA24 /* SCCycleScrollViewCell.swift in Sources */ = {isa = PBXBuildFile; fileRef = 84BC8FAA1F41534F007AAA24 /* SCCycleScrollViewCell.swift */; };
		84BC8FFD1F41534F007AAA24 /* StarEvaluateView.swift in Sources */ = {isa = PBXBuildFile; fileRef = 84BC8FAC1F41534F007AAA24 /* StarEvaluateView.swift */; };
		84BC8FFE1F41534F007AAA24 /* TYCyclePagerTransformLayout.m in Sources */ = {isa = PBXBuildFile; fileRef = 84BC8FAF1F41534F007AAA24 /* TYCyclePagerTransformLayout.m */; };
		84BC8FFF1F41534F007AAA24 /* TYCyclePagerView.m in Sources */ = {isa = PBXBuildFile; fileRef = 84BC8FB11F41534F007AAA24 /* TYCyclePagerView.m */; };
		84BC90001F41534F007AAA24 /* TYPageControl.m in Sources */ = {isa = PBXBuildFile; fileRef = 84BC8FB31F41534F007AAA24 /* TYPageControl.m */; };
		84BC90011F41534F007AAA24 /* PopoverAction.m in Sources */ = {isa = PBXBuildFile; fileRef = 84BC8FB71F41534F007AAA24 /* PopoverAction.m */; };
		84BC90021F41534F007AAA24 /* PopoverView.m in Sources */ = {isa = PBXBuildFile; fileRef = 84BC8FB91F41534F007AAA24 /* PopoverView.m */; };
		84BC90031F41534F007AAA24 /* PopoverViewCell.m in Sources */ = {isa = PBXBuildFile; fileRef = 84BC8FBB1F41534F007AAA24 /* PopoverViewCell.m */; };
		84BC90041F41534F007AAA24 /* WMDragView.m in Sources */ = {isa = PBXBuildFile; fileRef = 84BC8FBD1F41534F007AAA24 /* WMDragView.m */; };
		84BC90081F415549007AAA24 /* CyclePageCollectionViewCell.swift in Sources */ = {isa = PBXBuildFile; fileRef = 84BC90061F415549007AAA24 /* CyclePageCollectionViewCell.swift */; };
		84BC90091F415549007AAA24 /* CyclePageCollectionViewCell.xib in Resources */ = {isa = PBXBuildFile; fileRef = 84BC90071F415549007AAA24 /* CyclePageCollectionViewCell.xib */; };
/* End PBXBuildFile section */

/* Begin PBXContainerItemProxy section */
		84AB27D01EF0C89400D39BA7 /* PBXContainerItemProxy */ = {
			isa = PBXContainerItemProxy;
			containerPortal = 84AB27B31EF0C89300D39BA7 /* Project object */;
			proxyType = 1;
			remoteGlobalIDString = 84AB27BA1EF0C89400D39BA7;
			remoteInfo = Test;
		};
		84AB27DB1EF0C89400D39BA7 /* PBXContainerItemProxy */ = {
			isa = PBXContainerItemProxy;
			containerPortal = 84AB27B31EF0C89300D39BA7 /* Project object */;
			proxyType = 1;
			remoteGlobalIDString = 84AB27BA1EF0C89400D39BA7;
			remoteInfo = Test;
		};
/* End PBXContainerItemProxy section */

/* Begin PBXFileReference section */
		1AE83B7D48FA67CA783FBC40 /* Pods-Test.release.xcconfig */ = {isa = PBXFileReference; includeInIndex = 1; lastKnownFileType = text.xcconfig; name = "Pods-Test.release.xcconfig"; path = "Pods/Target Support Files/Pods-Test/Pods-Test.release.xcconfig"; sourceTree = "<group>"; };
		5017EBB37E55C7CD7ECE44EB /* Pods_Test.framework */ = {isa = PBXFileReference; explicitFileType = wrapper.framework; includeInIndex = 0; path = Pods_Test.framework; sourceTree = BUILT_PRODUCTS_DIR; };
		6F1B5E21586860A62B60F499 /* Pods-Test.debug.xcconfig */ = {isa = PBXFileReference; includeInIndex = 1; lastKnownFileType = text.xcconfig; name = "Pods-Test.debug.xcconfig"; path = "Pods/Target Support Files/Pods-Test/Pods-Test.debug.xcconfig"; sourceTree = "<group>"; };
		84016A8A1EF3B24900F23CD7 /* Test-Bridging-Header.h */ = {isa = PBXFileReference; lastKnownFileType = sourcecode.c.h; path = "Test-Bridging-Header.h"; sourceTree = "<group>"; };
		845A79991F343784008B1241 /* FloatView.h */ = {isa = PBXFileReference; fileEncoding = 4; lastKnownFileType = sourcecode.c.h; path = FloatView.h; sourceTree = "<group>"; };
		845A799A1F343784008B1241 /* FloatView.m */ = {isa = PBXFileReference; fileEncoding = 4; lastKnownFileType = sourcecode.c.objc; path = FloatView.m; sourceTree = "<group>"; };
		845A799C1F343A21008B1241 /* UIView+LH.swift */ = {isa = PBXFileReference; fileEncoding = 4; lastKnownFileType = sourcecode.swift; path = "UIView+LH.swift"; sourceTree = "<group>"; };
		846818E81F3C060300B5C5BF /* FirstViewController.swift */ = {isa = PBXFileReference; fileEncoding = 4; lastKnownFileType = sourcecode.swift; path = FirstViewController.swift; sourceTree = "<group>"; };
		846818E91F3C060300B5C5BF /* GlobalView.swift */ = {isa = PBXFileReference; fileEncoding = 4; lastKnownFileType = sourcecode.swift; path = GlobalView.swift; sourceTree = "<group>"; };
		846818EA1F3C060300B5C5BF /* SCXDetailViewController.swift */ = {isa = PBXFileReference; fileEncoding = 4; lastKnownFileType = sourcecode.swift; path = SCXDetailViewController.swift; sourceTree = "<group>"; };
		846818EF1F3C07AD00B5C5BF /* RecordViewController.swift */ = {isa = PBXFileReference; fileEncoding = 4; lastKnownFileType = sourcecode.swift; path = RecordViewController.swift; sourceTree = "<group>"; };
		849E3CF91F395626003FD26E /* Assets.xcassets */ = {isa = PBXFileReference; lastKnownFileType = folder.assetcatalog; path = Assets.xcassets; sourceTree = "<group>"; };
		84AB27BB1EF0C89400D39BA7 /* Test.app */ = {isa = PBXFileReference; explicitFileType = wrapper.application; includeInIndex = 0; path = Test.app; sourceTree = BUILT_PRODUCTS_DIR; };
		84AB27BE1EF0C89400D39BA7 /* AppDelegate.swift */ = {isa = PBXFileReference; lastKnownFileType = sourcecode.swift; path = AppDelegate.swift; sourceTree = "<group>"; };
		84AB27C01EF0C89400D39BA7 /* ViewController.swift */ = {isa = PBXFileReference; lastKnownFileType = sourcecode.swift; path = ViewController.swift; sourceTree = "<group>"; };
		84AB27C31EF0C89400D39BA7 /* Base */ = {isa = PBXFileReference; lastKnownFileType = file.storyboard; name = Base; path = Base.lproj/Main.storyboard; sourceTree = "<group>"; };
		84AB27C81EF0C89400D39BA7 /* Base */ = {isa = PBXFileReference; lastKnownFileType = file.storyboard; name = Base; path = Base.lproj/LaunchScreen.storyboard; sourceTree = "<group>"; };
		84AB27CA1EF0C89400D39BA7 /* Info.plist */ = {isa = PBXFileReference; lastKnownFileType = text.plist.xml; path = Info.plist; sourceTree = "<group>"; };
		84AB27CF1EF0C89400D39BA7 /* TestTests.xctest */ = {isa = PBXFileReference; explicitFileType = wrapper.cfbundle; includeInIndex = 0; path = TestTests.xctest; sourceTree = BUILT_PRODUCTS_DIR; };
		84AB27D31EF0C89400D39BA7 /* TestTests.swift */ = {isa = PBXFileReference; lastKnownFileType = sourcecode.swift; path = TestTests.swift; sourceTree = "<group>"; };
		84AB27D51EF0C89400D39BA7 /* Info.plist */ = {isa = PBXFileReference; lastKnownFileType = text.plist.xml; path = Info.plist; sourceTree = "<group>"; };
		84AB27DA1EF0C89400D39BA7 /* TestUITests.xctest */ = {isa = PBXFileReference; explicitFileType = wrapper.cfbundle; includeInIndex = 0; path = TestUITests.xctest; sourceTree = BUILT_PRODUCTS_DIR; };
		84AB27DE1EF0C89400D39BA7 /* TestUITests.swift */ = {isa = PBXFileReference; lastKnownFileType = sourcecode.swift; path = TestUITests.swift; sourceTree = "<group>"; };
		84AB27E01EF0C89400D39BA7 /* Info.plist */ = {isa = PBXFileReference; lastKnownFileType = text.plist.xml; path = Info.plist; sourceTree = "<group>"; };
		84BC8F591F414E62007AAA24 /* CyclePageViewController.swift */ = {isa = PBXFileReference; fileEncoding = 4; lastKnownFileType = sourcecode.swift; path = CyclePageViewController.swift; sourceTree = "<group>"; };
		84BC8F5D1F41534E007AAA24 /* HStartSelectView.h */ = {isa = PBXFileReference; fileEncoding = 4; lastKnownFileType = sourcecode.c.h; path = HStartSelectView.h; sourceTree = "<group>"; };
		84BC8F5E1F41534E007AAA24 /* HStartSelectView.m */ = {isa = PBXFileReference; fileEncoding = 4; lastKnownFileType = sourcecode.c.objc; path = HStartSelectView.m; sourceTree = "<group>"; };
		84BC8F611F41534F007AAA24 /* SCXMusicModel.swift */ = {isa = PBXFileReference; fileEncoding = 4; lastKnownFileType = sourcecode.swift; path = SCXMusicModel.swift; sourceTree = "<group>"; };
		84BC8F621F41534F007AAA24 /* SCXPlayModel.swift */ = {isa = PBXFileReference; fileEncoding = 4; lastKnownFileType = sourcecode.swift; path = SCXPlayModel.swift; sourceTree = "<group>"; };
		84BC8F641F41534F007AAA24 /* SCXModelTool.swift */ = {isa = PBXFileReference; fileEncoding = 4; lastKnownFileType = sourcecode.swift; path = SCXModelTool.swift; sourceTree = "<group>"; };
		84BC8F651F41534F007AAA24 /* SCXMusicMidTool.swift */ = {isa = PBXFileReference; fileEncoding = 4; lastKnownFileType = sourcecode.swift; path = SCXMusicMidTool.swift; sourceTree = "<group>"; };
		84BC8F661F41534F007AAA24 /* SCXPlayTool.swift */ = {isa = PBXFileReference; fileEncoding = 4; lastKnownFileType = sourcecode.swift; path = SCXPlayTool.swift; sourceTree = "<group>"; };
		84BC8F671F41534F007AAA24 /* SCXTimeTool.swift */ = {isa = PBXFileReference; fileEncoding = 4; lastKnownFileType = sourcecode.swift; path = SCXTimeTool.swift; sourceTree = "<group>"; };
		84BC8F6A1F41534F007AAA24 /* SCXPopAnimation.swift */ = {isa = PBXFileReference; fileEncoding = 4; lastKnownFileType = sourcecode.swift; path = SCXPopAnimation.swift; sourceTree = "<group>"; };
		84BC8F6B1F41534F007AAA24 /* SCXPresentationController.swift */ = {isa = PBXFileReference; fileEncoding = 4; lastKnownFileType = sourcecode.swift; path = SCXPresentationController.swift; sourceTree = "<group>"; };
		84BC8F6D1F41534F007AAA24 /* SCXBottomView.swift */ = {isa = PBXFileReference; fileEncoding = 4; lastKnownFileType = sourcecode.swift; path = SCXBottomView.swift; sourceTree = "<group>"; };
		84BC8F6F1F41534F007AAA24 /* SCXMidView.swift */ = {isa = PBXFileReference; fileEncoding = 4; lastKnownFileType = sourcecode.swift; path = SCXMidView.swift; sourceTree = "<group>"; };
		84BC8F711F41534F007AAA24 /* DropListCoverView.swift */ = {isa = PBXFileReference; fileEncoding = 4; lastKnownFileType = sourcecode.swift; path = DropListCoverView.swift; sourceTree = "<group>"; };
		84BC8F721F41534F007AAA24 /* MusicListTableViewCell.swift */ = {isa = PBXFileReference; fileEncoding = 4; lastKnownFileType = sourcecode.swift; path = MusicListTableViewCell.swift; sourceTree = "<group>"; };
		84BC8F731F41534F007AAA24 /* MusicListTableViewCell.xib */ = {isa = PBXFileReference; fileEncoding = 4; lastKnownFileType = file.xib; path = MusicListTableViewCell.xib; sourceTree = "<group>"; };
		84BC8F741F41534F007AAA24 /* MusicListView.swift */ = {isa = PBXFileReference; fileEncoding = 4; lastKnownFileType = sourcecode.swift; path = MusicListView.swift; sourceTree = "<group>"; };
		84BC8F761F41534F007AAA24 /* SCXTopView.swift */ = {isa = PBXFileReference; fileEncoding = 4; lastKnownFileType = sourcecode.swift; path = SCXTopView.swift; sourceTree = "<group>"; };
		84BC8F781F41534F007AAA24 /* File.swift */ = {isa = PBXFileReference; fileEncoding = 4; lastKnownFileType = sourcecode.swift; path = File.swift; sourceTree = "<group>"; };
		84BC8F7A1F41534F007AAA24 /* bb@2x.jpg */ = {isa = PBXFileReference; lastKnownFileType = image.jpeg; path = "bb@2x.jpg"; sourceTree = "<group>"; };
		84BC8F7B1F41534F007AAA24 /* bb_icon@2x.jpg */ = {isa = PBXFileReference; lastKnownFileType = image.jpeg; path = "bb_icon@2x.jpg"; sourceTree = "<group>"; };
		84BC8F7C1F41534F007AAA24 /* dzq@2x.jpg */ = {isa = PBXFileReference; lastKnownFileType = image.jpeg; path = "dzq@2x.jpg"; sourceTree = "<group>"; };
		84BC8F7D1F41534F007AAA24 /* dzq_icon@2x.jpg */ = {isa = PBXFileReference; lastKnownFileType = image.jpeg; path = "dzq_icon@2x.jpg"; sourceTree = "<group>"; };
		84BC8F7E1F41534F007AAA24 /* eason@2x.jpg */ = {isa = PBXFileReference; lastKnownFileType = image.jpeg; path = "eason@2x.jpg"; sourceTree = "<group>"; };
		84BC8F7F1F41534F007AAA24 /* eason_icon@2x.jpg */ = {isa = PBXFileReference; lastKnownFileType = image.jpeg; path = "eason_icon@2x.jpg"; sourceTree = "<group>"; };
		84BC8F801F41534F007AAA24 /* jay@2x.jpg */ = {isa = PBXFileReference; lastKnownFileType = image.jpeg; path = "jay@2x.jpg"; sourceTree = "<group>"; };
		84BC8F811F41534F007AAA24 /* jay_icon@2x.png */ = {isa = PBXFileReference; lastKnownFileType = image.png; path = "jay_icon@2x.png"; sourceTree = "<group>"; };
		84BC8F821F41534F007AAA24 /* jj@2x.jpg */ = {isa = PBXFileReference; lastKnownFileType = image.jpeg; path = "jj@2x.jpg"; sourceTree = "<group>"; };
		84BC8F831F41534F007AAA24 /* jj_icon@2x.png */ = {isa = PBXFileReference; lastKnownFileType = image.png; path = "jj_icon@2x.png"; sourceTree = "<group>"; };
		84BC8F841F41534F007AAA24 /* kzxd@2x.jpg */ = {isa = PBXFileReference; lastKnownFileType = image.jpeg; path = "kzxd@2x.jpg"; sourceTree = "<group>"; };
		84BC8F851F41534F007AAA24 /* kzxd_icon@2x.jpg */ = {isa = PBXFileReference; lastKnownFileType = image.jpeg; path = "kzxd_icon@2x.jpg"; sourceTree = "<group>"; };
		84BC8F861F41534F007AAA24 /* lkq@2x.jpg */ = {isa = PBXFileReference; lastKnownFileType = image.jpeg; path = "lkq@2x.jpg"; sourceTree = "<group>"; };
		84BC8F871F41534F007AAA24 /* lkq_icon@2x.jpg */ = {isa = PBXFileReference; lastKnownFileType = image.jpeg; path = "lkq_icon@2x.jpg"; sourceTree = "<group>"; };
		84BC8F881F41534F007AAA24 /* nanquan@2x.jpg */ = {isa = PBXFileReference; lastKnownFileType = image.jpeg; path = "nanquan@2x.jpg"; sourceTree = "<group>"; };
		84BC8F891F41534F007AAA24 /* nanquan_icon@2x.jpg */ = {isa = PBXFileReference; lastKnownFileType = image.jpeg; path = "nanquan_icon@2x.jpg"; sourceTree = "<group>"; };
		84BC8F8A1F41534F007AAA24 /* wf@2x.jpg */ = {isa = PBXFileReference; lastKnownFileType = image.jpeg; path = "wf@2x.jpg"; sourceTree = "<group>"; };
		84BC8F8B1F41534F007AAA24 /* wf_icon@2x.jpg */ = {isa = PBXFileReference; lastKnownFileType = image.jpeg; path = "wf_icon@2x.jpg"; sourceTree = "<group>"; };
		84BC8F8C1F41534F007AAA24 /* zxy@2x.jpg */ = {isa = PBXFileReference; lastKnownFileType = image.jpeg; path = "zxy@2x.jpg"; sourceTree = "<group>"; };
		84BC8F8D1F41534F007AAA24 /* zxy_icon@2x.jpg */ = {isa = PBXFileReference; lastKnownFileType = image.jpeg; path = "zxy_icon@2x.jpg"; sourceTree = "<group>"; };
		84BC8F8F1F41534F007AAA24 /* 10405520.lrc */ = {isa = PBXFileReference; fileEncoding = 4; lastKnownFileType = text; path = 10405520.lrc; sourceTree = "<group>"; };
		84BC8F901F41534F007AAA24 /* 10736444.lrc */ = {isa = PBXFileReference; fileEncoding = 4; lastKnownFileType = text; path = 10736444.lrc; sourceTree = "<group>"; };
		84BC8F911F41534F007AAA24 /* 120125029.lrc */ = {isa = PBXFileReference; fileEncoding = 4; lastKnownFileType = text; path = 120125029.lrc; sourceTree = "<group>"; };
		84BC8F921F41534F007AAA24 /* 12309111.lrc */ = {isa = PBXFileReference; fileEncoding = 4; lastKnownFileType = text; path = 12309111.lrc; sourceTree = "<group>"; };
		84BC8F931F41534F007AAA24 /* 14945107.lrc */ = {isa = PBXFileReference; fileEncoding = 4; lastKnownFileType = text; path = 14945107.lrc; sourceTree = "<group>"; };
		84BC8F941F41534F007AAA24 /* 235319.lrc */ = {isa = PBXFileReference; fileEncoding = 4; lastKnownFileType = text; path = 235319.lrc; sourceTree = "<group>"; };
		84BC8F951F41534F007AAA24 /* 255319.lrc */ = {isa = PBXFileReference; fileEncoding = 4; lastKnownFileType = text; path = 255319.lrc; sourceTree = "<group>"; };
		84BC8F961F41534F007AAA24 /* 309769.lrc */ = {isa = PBXFileReference; fileEncoding = 4; lastKnownFileType = text; path = 309769.lrc; sourceTree = "<group>"; };
		84BC8F971F41534F007AAA24 /* 339744.lrc */ = {isa = PBXFileReference; fileEncoding = 4; lastKnownFileType = text; path = 339744.lrc; sourceTree = "<group>"; };
		84BC8F981F41534F007AAA24 /* 后弦 - 小周末-bb0b7b6dec6a924c2ea9ff1dec40634c-17520166-00000000.lrc */ = {isa = PBXFileReference; lastKnownFileType = file; path = "后弦 - 小周末-bb0b7b6dec6a924c2ea9ff1dec40634c-17520166-00000000.lrc"; sourceTree = "<group>"; };
		84BC8F991F41534F007AAA24 /* 月半小夜曲.lrc */ = {isa = PBXFileReference; fileEncoding = 4; lastKnownFileType = text; path = "月半小夜曲.lrc"; sourceTree = "<group>"; };
		84BC8F9B1F41534F007AAA24 /* 10405520.mp3 */ = {isa = PBXFileReference; lastKnownFileType = audio.mp3; path = 10405520.mp3; sourceTree = "<group>"; };
		84BC8F9C1F41534F007AAA24 /* 10736444.mp3 */ = {isa = PBXFileReference; lastKnownFileType = audio.mp3; path = 10736444.mp3; sourceTree = "<group>"; };
		84BC8F9D1F41534F007AAA24 /* 1201111234.mp3 */ = {isa = PBXFileReference; lastKnownFileType = audio.mp3; path = 1201111234.mp3; sourceTree = "<group>"; };
		84BC8F9E1F41534F007AAA24 /* 120125029.mp3 */ = {isa = PBXFileReference; lastKnownFileType = audio.mp3; path = 120125029.mp3; sourceTree = "<group>"; };
		84BC8F9F1F41534F007AAA24 /* 12309111.mp3 */ = {isa = PBXFileReference; lastKnownFileType = audio.mp3; path = 12309111.mp3; sourceTree = "<group>"; };
		84BC8FA01F41534F007AAA24 /* 14945107.mp3 */ = {isa = PBXFileReference; lastKnownFileType = audio.mp3; path = 14945107.mp3; sourceTree = "<group>"; };
		84BC8FA11F41534F007AAA24 /* 235319.mp3 */ = {isa = PBXFileReference; lastKnownFileType = audio.mp3; path = 235319.mp3; sourceTree = "<group>"; };
		84BC8FA21F41534F007AAA24 /* 255319.mp3 */ = {isa = PBXFileReference; lastKnownFileType = audio.mp3; path = 255319.mp3; sourceTree = "<group>"; };
		84BC8FA31F41534F007AAA24 /* 309769.mp3 */ = {isa = PBXFileReference; lastKnownFileType = audio.mp3; path = 309769.mp3; sourceTree = "<group>"; };
		84BC8FA41F41534F007AAA24 /* 339744.mp3 */ = {isa = PBXFileReference; lastKnownFileType = audio.mp3; path = 339744.mp3; sourceTree = "<group>"; };
		84BC8FA51F41534F007AAA24 /* 后弦 - 小周末.mp3 */ = {isa = PBXFileReference; lastKnownFileType = audio.mp3; path = "后弦 - 小周末.mp3"; sourceTree = "<group>"; };
		84BC8FA61F41534F007AAA24 /* Musics.plist */ = {isa = PBXFileReference; fileEncoding = 4; lastKnownFileType = text.plist.xml; path = Musics.plist; sourceTree = "<group>"; };
		84BC8FA71F41534F007AAA24 /* QQListBack.jpg */ = {isa = PBXFileReference; lastKnownFileType = image.jpeg; path = QQListBack.jpg; sourceTree = "<group>"; };
		84BC8FA91F41534F007AAA24 /* SCCycleScrollView.swift */ = {isa = PBXFileReference; fileEncoding = 4; lastKnownFileType = sourcecode.swift; path = SCCycleScrollView.swift; sourceTree = "<group>"; };
		84BC8FAA1F41534F007AAA24 /* SCCycleScrollViewCell.swift */ = {isa = PBXFileReference; fileEncoding = 4; lastKnownFileType = sourcecode.swift; path = SCCycleScrollViewCell.swift; sourceTree = "<group>"; };
		84BC8FAC1F41534F007AAA24 /* StarEvaluateView.swift */ = {isa = PBXFileReference; fileEncoding = 4; lastKnownFileType = sourcecode.swift; path = StarEvaluateView.swift; sourceTree = "<group>"; };
		84BC8FAE1F41534F007AAA24 /* TYCyclePagerTransformLayout.h */ = {isa = PBXFileReference; fileEncoding = 4; lastKnownFileType = sourcecode.c.h; path = TYCyclePagerTransformLayout.h; sourceTree = "<group>"; };
		84BC8FAF1F41534F007AAA24 /* TYCyclePagerTransformLayout.m */ = {isa = PBXFileReference; fileEncoding = 4; lastKnownFileType = sourcecode.c.objc; path = TYCyclePagerTransformLayout.m; sourceTree = "<group>"; };
		84BC8FB01F41534F007AAA24 /* TYCyclePagerView.h */ = {isa = PBXFileReference; fileEncoding = 4; lastKnownFileType = sourcecode.c.h; path = TYCyclePagerView.h; sourceTree = "<group>"; };
		84BC8FB11F41534F007AAA24 /* TYCyclePagerView.m */ = {isa = PBXFileReference; fileEncoding = 4; lastKnownFileType = sourcecode.c.objc; path = TYCyclePagerView.m; sourceTree = "<group>"; };
		84BC8FB21F41534F007AAA24 /* TYPageControl.h */ = {isa = PBXFileReference; fileEncoding = 4; lastKnownFileType = sourcecode.c.h; path = TYPageControl.h; sourceTree = "<group>"; };
		84BC8FB31F41534F007AAA24 /* TYPageControl.m */ = {isa = PBXFileReference; fileEncoding = 4; lastKnownFileType = sourcecode.c.objc; path = TYPageControl.m; sourceTree = "<group>"; };
		84BC8FB61F41534F007AAA24 /* PopoverAction.h */ = {isa = PBXFileReference; fileEncoding = 4; lastKnownFileType = sourcecode.c.h; path = PopoverAction.h; sourceTree = "<group>"; };
		84BC8FB71F41534F007AAA24 /* PopoverAction.m */ = {isa = PBXFileReference; fileEncoding = 4; lastKnownFileType = sourcecode.c.objc; path = PopoverAction.m; sourceTree = "<group>"; };
		84BC8FB81F41534F007AAA24 /* PopoverView.h */ = {isa = PBXFileReference; fileEncoding = 4; lastKnownFileType = sourcecode.c.h; path = PopoverView.h; sourceTree = "<group>"; };
		84BC8FB91F41534F007AAA24 /* PopoverView.m */ = {isa = PBXFileReference; fileEncoding = 4; lastKnownFileType = sourcecode.c.objc; path = PopoverView.m; sourceTree = "<group>"; };
		84BC8FBA1F41534F007AAA24 /* PopoverViewCell.h */ = {isa = PBXFileReference; fileEncoding = 4; lastKnownFileType = sourcecode.c.h; path = PopoverViewCell.h; sourceTree = "<group>"; };
		84BC8FBB1F41534F007AAA24 /* PopoverViewCell.m */ = {isa = PBXFileReference; fileEncoding = 4; lastKnownFileType = sourcecode.c.objc; path = PopoverViewCell.m; sourceTree = "<group>"; };
		84BC8FBC1F41534F007AAA24 /* WMDragView.h */ = {isa = PBXFileReference; fileEncoding = 4; lastKnownFileType = sourcecode.c.h; path = WMDragView.h; sourceTree = "<group>"; };
		84BC8FBD1F41534F007AAA24 /* WMDragView.m */ = {isa = PBXFileReference; fileEncoding = 4; lastKnownFileType = sourcecode.c.objc; path = WMDragView.m; sourceTree = "<group>"; };
		84BC90061F415549007AAA24 /* CyclePageCollectionViewCell.swift */ = {isa = PBXFileReference; fileEncoding = 4; lastKnownFileType = sourcecode.swift; path = CyclePageCollectionViewCell.swift; sourceTree = "<group>"; };
		84BC90071F415549007AAA24 /* CyclePageCollectionViewCell.xib */ = {isa = PBXFileReference; fileEncoding = 4; lastKnownFileType = file.xib; path = CyclePageCollectionViewCell.xib; sourceTree = "<group>"; };
/* End PBXFileReference section */

/* Begin PBXFrameworksBuildPhase section */
		84AB27B81EF0C89400D39BA7 /* Frameworks */ = {
			isa = PBXFrameworksBuildPhase;
			buildActionMask = 2147483647;
			files = (
				11E6A745966D77BE0F7A8159 /* Pods_Test.framework in Frameworks */,
			);
			runOnlyForDeploymentPostprocessing = 0;
		};
		84AB27CC1EF0C89400D39BA7 /* Frameworks */ = {
			isa = PBXFrameworksBuildPhase;
			buildActionMask = 2147483647;
			files = (
			);
			runOnlyForDeploymentPostprocessing = 0;
		};
		84AB27D71EF0C89400D39BA7 /* Frameworks */ = {
			isa = PBXFrameworksBuildPhase;
			buildActionMask = 2147483647;
			files = (
			);
			runOnlyForDeploymentPostprocessing = 0;
		};
/* End PBXFrameworksBuildPhase section */

/* Begin PBXGroup section */
		3D08A5F23432A551538DA252 /* Pods */ = {
			isa = PBXGroup;
			children = (
				6F1B5E21586860A62B60F499 /* Pods-Test.debug.xcconfig */,
				1AE83B7D48FA67CA783FBC40 /* Pods-Test.release.xcconfig */,
			);
			name = Pods;
			sourceTree = "<group>";
		};
		845A79981F343784008B1241 /* Class */ = {
			isa = PBXGroup;
			children = (
				845A79991F343784008B1241 /* FloatView.h */,
				845A799A1F343784008B1241 /* FloatView.m */,
			);
			path = Class;
			sourceTree = "<group>";
		};
		846818E71F3C060300B5C5BF /* Player */ = {
			isa = PBXGroup;
			children = (
				846818E91F3C060300B5C5BF /* GlobalView.swift */,
				846818E81F3C060300B5C5BF /* FirstViewController.swift */,
				846818EA1F3C060300B5C5BF /* SCXDetailViewController.swift */,
			);
			path = Player;
			sourceTree = "<group>";
		};
		846818EE1F3C073800B5C5BF /* Record */ = {
			isa = PBXGroup;
			children = (
				846818EF1F3C07AD00B5C5BF /* RecordViewController.swift */,
			);
			path = Record;
			sourceTree = "<group>";
		};
		84AB27B21EF0C89300D39BA7 = {
			isa = PBXGroup;
			children = (
				84AB27BD1EF0C89400D39BA7 /* Test */,
				84AB27DD1EF0C89400D39BA7 /* TestUITests */,
				84AB27D21EF0C89400D39BA7 /* TestTests */,
				84AB27BC1EF0C89400D39BA7 /* Products */,
				3D08A5F23432A551538DA252 /* Pods */,
				B1AB23B9650A67D063561C28 /* Frameworks */,
			);
			sourceTree = "<group>";
		};
		84AB27BC1EF0C89400D39BA7 /* Products */ = {
			isa = PBXGroup;
			children = (
				84AB27BB1EF0C89400D39BA7 /* Test.app */,
				84AB27CF1EF0C89400D39BA7 /* TestTests.xctest */,
				84AB27DA1EF0C89400D39BA7 /* TestUITests.xctest */,
			);
			name = Products;
			sourceTree = "<group>";
		};
		84AB27BD1EF0C89400D39BA7 /* Test */ = {
			isa = PBXGroup;
			children = (
				84BC8F5B1F41534E007AAA24 /* Library */,
				845A79981F343784008B1241 /* Class */,
				846818E71F3C060300B5C5BF /* Player */,
				846818EE1F3C073800B5C5BF /* Record */,
				84BC8F581F414E4C007AAA24 /* CyclePage */,
				84AB27BE1EF0C89400D39BA7 /* AppDelegate.swift */,
				84AB27C01EF0C89400D39BA7 /* ViewController.swift */,
				845A799C1F343A21008B1241 /* UIView+LH.swift */,
				84AB27C21EF0C89400D39BA7 /* Main.storyboard */,
				84AB27C71EF0C89400D39BA7 /* LaunchScreen.storyboard */,
				849E3CF91F395626003FD26E /* Assets.xcassets */,
				84AB27CA1EF0C89400D39BA7 /* Info.plist */,
				84016A8A1EF3B24900F23CD7 /* Test-Bridging-Header.h */,
			);
			path = Test;
			sourceTree = "<group>";
		};
		84AB27D21EF0C89400D39BA7 /* TestTests */ = {
			isa = PBXGroup;
			children = (
				84AB27D31EF0C89400D39BA7 /* TestTests.swift */,
				84AB27D51EF0C89400D39BA7 /* Info.plist */,
			);
			path = TestTests;
			sourceTree = "<group>";
		};
		84AB27DD1EF0C89400D39BA7 /* TestUITests */ = {
			isa = PBXGroup;
			children = (
				84AB27DE1EF0C89400D39BA7 /* TestUITests.swift */,
				84AB27E01EF0C89400D39BA7 /* Info.plist */,
			);
			path = TestUITests;
			sourceTree = SOURCE_ROOT;
		};
		84BC8F581F414E4C007AAA24 /* CyclePage */ = {
			isa = PBXGroup;
			children = (
				84BC90051F415527007AAA24 /* Cell */,
				84BC8F591F414E62007AAA24 /* CyclePageViewController.swift */,
			);
			path = CyclePage;
			sourceTree = "<group>";
		};
		84BC8F5B1F41534E007AAA24 /* Library */ = {
			isa = PBXGroup;
			children = (
				84BC8F5C1F41534E007AAA24 /* HStartSelectView */,
				84BC8F5F1F41534F007AAA24 /* Music */,
				84BC8F771F41534F007AAA24 /* QQResources */,
				84BC8FA81F41534F007AAA24 /* Source */,
				84BC8FAB1F41534F007AAA24 /* StarEvaluateView */,
				84BC8FAD1F41534F007AAA24 /* TYCyclePagerView */,
				84BC8FB41F41534F007AAA24 /* WMDragView */,
			);
			path = Library;
			sourceTree = "<group>";
		};
		84BC8F5C1F41534E007AAA24 /* HStartSelectView */ = {
			isa = PBXGroup;
			children = (
				84BC8F5D1F41534E007AAA24 /* HStartSelectView.h */,
				84BC8F5E1F41534E007AAA24 /* HStartSelectView.m */,
			);
			path = HStartSelectView;
			sourceTree = "<group>";
		};
		84BC8F5F1F41534F007AAA24 /* Music */ = {
			isa = PBXGroup;
			children = (
				84BC8F601F41534F007AAA24 /* MusicModel */,
				84BC8F631F41534F007AAA24 /* MusicTools */,
				84BC8F681F41534F007AAA24 /* MusicView */,
			);
			path = Music;
			sourceTree = "<group>";
		};
		84BC8F601F41534F007AAA24 /* MusicModel */ = {
			isa = PBXGroup;
			children = (
				84BC8F611F41534F007AAA24 /* SCXMusicModel.swift */,
				84BC8F621F41534F007AAA24 /* SCXPlayModel.swift */,
			);
			path = MusicModel;
			sourceTree = "<group>";
		};
		84BC8F631F41534F007AAA24 /* MusicTools */ = {
			isa = PBXGroup;
			children = (
				84BC8F641F41534F007AAA24 /* SCXModelTool.swift */,
				84BC8F651F41534F007AAA24 /* SCXMusicMidTool.swift */,
				84BC8F661F41534F007AAA24 /* SCXPlayTool.swift */,
				84BC8F671F41534F007AAA24 /* SCXTimeTool.swift */,
			);
			path = MusicTools;
			sourceTree = "<group>";
		};
		84BC8F681F41534F007AAA24 /* MusicView */ = {
			isa = PBXGroup;
			children = (
				84BC8F691F41534F007AAA24 /* Animation */,
				84BC8F6C1F41534F007AAA24 /* BottomView */,
				84BC8F6E1F41534F007AAA24 /* MidView */,
				84BC8F701F41534F007AAA24 /* MusicListView */,
				84BC8F751F41534F007AAA24 /* TopView */,
			);
			path = MusicView;
			sourceTree = "<group>";
		};
		84BC8F691F41534F007AAA24 /* Animation */ = {
			isa = PBXGroup;
			children = (
				84BC8F6A1F41534F007AAA24 /* SCXPopAnimation.swift */,
				84BC8F6B1F41534F007AAA24 /* SCXPresentationController.swift */,
			);
			path = Animation;
			sourceTree = "<group>";
		};
		84BC8F6C1F41534F007AAA24 /* BottomView */ = {
			isa = PBXGroup;
			children = (
				84BC8F6D1F41534F007AAA24 /* SCXBottomView.swift */,
			);
			path = BottomView;
			sourceTree = "<group>";
		};
		84BC8F6E1F41534F007AAA24 /* MidView */ = {
			isa = PBXGroup;
			children = (
				84BC8F6F1F41534F007AAA24 /* SCXMidView.swift */,
			);
			path = MidView;
			sourceTree = "<group>";
		};
		84BC8F701F41534F007AAA24 /* MusicListView */ = {
			isa = PBXGroup;
			children = (
				84BC8F711F41534F007AAA24 /* DropListCoverView.swift */,
				84BC8F721F41534F007AAA24 /* MusicListTableViewCell.swift */,
				84BC8F731F41534F007AAA24 /* MusicListTableViewCell.xib */,
				84BC8F741F41534F007AAA24 /* MusicListView.swift */,
			);
			path = MusicListView;
			sourceTree = "<group>";
		};
		84BC8F751F41534F007AAA24 /* TopView */ = {
			isa = PBXGroup;
			children = (
				84BC8F761F41534F007AAA24 /* SCXTopView.swift */,
			);
			path = TopView;
			sourceTree = "<group>";
		};
		84BC8F771F41534F007AAA24 /* QQResources */ = {
			isa = PBXGroup;
			children = (
				84BC8F781F41534F007AAA24 /* File.swift */,
				84BC8F791F41534F007AAA24 /* Images */,
				84BC8F8E1F41534F007AAA24 /* Lrcs */,
				84BC8F9A1F41534F007AAA24 /* MP3s */,
				84BC8FA61F41534F007AAA24 /* Musics.plist */,
				84BC8FA71F41534F007AAA24 /* QQListBack.jpg */,
			);
			path = QQResources;
			sourceTree = "<group>";
		};
		84BC8F791F41534F007AAA24 /* Images */ = {
			isa = PBXGroup;
			children = (
				84BC8F7A1F41534F007AAA24 /* bb@2x.jpg */,
				84BC8F7B1F41534F007AAA24 /* bb_icon@2x.jpg */,
				84BC8F7C1F41534F007AAA24 /* dzq@2x.jpg */,
				84BC8F7D1F41534F007AAA24 /* dzq_icon@2x.jpg */,
				84BC8F7E1F41534F007AAA24 /* eason@2x.jpg */,
				84BC8F7F1F41534F007AAA24 /* eason_icon@2x.jpg */,
				84BC8F801F41534F007AAA24 /* jay@2x.jpg */,
				84BC8F811F41534F007AAA24 /* jay_icon@2x.png */,
				84BC8F821F41534F007AAA24 /* jj@2x.jpg */,
				84BC8F831F41534F007AAA24 /* jj_icon@2x.png */,
				84BC8F841F41534F007AAA24 /* kzxd@2x.jpg */,
				84BC8F851F41534F007AAA24 /* kzxd_icon@2x.jpg */,
				84BC8F861F41534F007AAA24 /* lkq@2x.jpg */,
				84BC8F871F41534F007AAA24 /* lkq_icon@2x.jpg */,
				84BC8F881F41534F007AAA24 /* nanquan@2x.jpg */,
				84BC8F891F41534F007AAA24 /* nanquan_icon@2x.jpg */,
				84BC8F8A1F41534F007AAA24 /* wf@2x.jpg */,
				84BC8F8B1F41534F007AAA24 /* wf_icon@2x.jpg */,
				84BC8F8C1F41534F007AAA24 /* zxy@2x.jpg */,
				84BC8F8D1F41534F007AAA24 /* zxy_icon@2x.jpg */,
			);
			path = Images;
			sourceTree = "<group>";
		};
		84BC8F8E1F41534F007AAA24 /* Lrcs */ = {
			isa = PBXGroup;
			children = (
				84BC8F8F1F41534F007AAA24 /* 10405520.lrc */,
				84BC8F901F41534F007AAA24 /* 10736444.lrc */,
				84BC8F911F41534F007AAA24 /* 120125029.lrc */,
				84BC8F921F41534F007AAA24 /* 12309111.lrc */,
				84BC8F931F41534F007AAA24 /* 14945107.lrc */,
				84BC8F941F41534F007AAA24 /* 235319.lrc */,
				84BC8F951F41534F007AAA24 /* 255319.lrc */,
				84BC8F961F41534F007AAA24 /* 309769.lrc */,
				84BC8F971F41534F007AAA24 /* 339744.lrc */,
				84BC8F981F41534F007AAA24 /* 后弦 - 小周末-bb0b7b6dec6a924c2ea9ff1dec40634c-17520166-00000000.lrc */,
				84BC8F991F41534F007AAA24 /* 月半小夜曲.lrc */,
			);
			path = Lrcs;
			sourceTree = "<group>";
		};
		84BC8F9A1F41534F007AAA24 /* MP3s */ = {
			isa = PBXGroup;
			children = (
				84BC8F9B1F41534F007AAA24 /* 10405520.mp3 */,
				84BC8F9C1F41534F007AAA24 /* 10736444.mp3 */,
				84BC8F9D1F41534F007AAA24 /* 1201111234.mp3 */,
				84BC8F9E1F41534F007AAA24 /* 120125029.mp3 */,
				84BC8F9F1F41534F007AAA24 /* 12309111.mp3 */,
				84BC8FA01F41534F007AAA24 /* 14945107.mp3 */,
				84BC8FA11F41534F007AAA24 /* 235319.mp3 */,
				84BC8FA21F41534F007AAA24 /* 255319.mp3 */,
				84BC8FA31F41534F007AAA24 /* 309769.mp3 */,
				84BC8FA41F41534F007AAA24 /* 339744.mp3 */,
				84BC8FA51F41534F007AAA24 /* 后弦 - 小周末.mp3 */,
			);
			path = MP3s;
			sourceTree = "<group>";
		};
		84BC8FA81F41534F007AAA24 /* Source */ = {
			isa = PBXGroup;
			children = (
				84BC8FA91F41534F007AAA24 /* SCCycleScrollView.swift */,
				84BC8FAA1F41534F007AAA24 /* SCCycleScrollViewCell.swift */,
			);
			path = Source;
			sourceTree = "<group>";
		};
		84BC8FAB1F41534F007AAA24 /* StarEvaluateView */ = {
			isa = PBXGroup;
			children = (
				84BC8FAC1F41534F007AAA24 /* StarEvaluateView.swift */,
			);
			path = StarEvaluateView;
			sourceTree = "<group>";
		};
		84BC8FAD1F41534F007AAA24 /* TYCyclePagerView */ = {
			isa = PBXGroup;
			children = (
				84BC8FAE1F41534F007AAA24 /* TYCyclePagerTransformLayout.h */,
				84BC8FAF1F41534F007AAA24 /* TYCyclePagerTransformLayout.m */,
				84BC8FB01F41534F007AAA24 /* TYCyclePagerView.h */,
				84BC8FB11F41534F007AAA24 /* TYCyclePagerView.m */,
				84BC8FB21F41534F007AAA24 /* TYPageControl.h */,
				84BC8FB31F41534F007AAA24 /* TYPageControl.m */,
			);
			path = TYCyclePagerView;
			sourceTree = "<group>";
		};
		84BC8FB41F41534F007AAA24 /* WMDragView */ = {
			isa = PBXGroup;
			children = (
				84BC8FB51F41534F007AAA24 /* PopoverView */,
				84BC8FBC1F41534F007AAA24 /* WMDragView.h */,
				84BC8FBD1F41534F007AAA24 /* WMDragView.m */,
			);
			path = WMDragView;
			sourceTree = "<group>";
		};
		84BC8FB51F41534F007AAA24 /* PopoverView */ = {
			isa = PBXGroup;
			children = (
				84BC8FB61F41534F007AAA24 /* PopoverAction.h */,
				84BC8FB71F41534F007AAA24 /* PopoverAction.m */,
				84BC8FB81F41534F007AAA24 /* PopoverView.h */,
				84BC8FB91F41534F007AAA24 /* PopoverView.m */,
				84BC8FBA1F41534F007AAA24 /* PopoverViewCell.h */,
				84BC8FBB1F41534F007AAA24 /* PopoverViewCell.m */,
			);
			path = PopoverView;
			sourceTree = "<group>";
		};
		84BC90051F415527007AAA24 /* Cell */ = {
			isa = PBXGroup;
			children = (
				84BC90061F415549007AAA24 /* CyclePageCollectionViewCell.swift */,
				84BC90071F415549007AAA24 /* CyclePageCollectionViewCell.xib */,
			);
			path = Cell;
			sourceTree = "<group>";
		};
		B1AB23B9650A67D063561C28 /* Frameworks */ = {
			isa = PBXGroup;
			children = (
				5017EBB37E55C7CD7ECE44EB /* Pods_Test.framework */,
			);
			name = Frameworks;
			sourceTree = "<group>";
		};
/* End PBXGroup section */

/* Begin PBXNativeTarget section */
		84AB27BA1EF0C89400D39BA7 /* Test */ = {
			isa = PBXNativeTarget;
			buildConfigurationList = 84AB27E31EF0C89400D39BA7 /* Build configuration list for PBXNativeTarget "Test" */;
			buildPhases = (
				C9C249AB909456A6CE83F2CD /* [CP] Check Pods Manifest.lock */,
				84AB27B71EF0C89400D39BA7 /* Sources */,
				84AB27B81EF0C89400D39BA7 /* Frameworks */,
				84AB27B91EF0C89400D39BA7 /* Resources */,
				3E7A575202F33D104EA6ABAE /* [CP] Embed Pods Frameworks */,
				BD21FAB24688183BEDEB35A1 /* [CP] Copy Pods Resources */,
			);
			buildRules = (
			);
			dependencies = (
			);
			name = Test;
			productName = Test;
			productReference = 84AB27BB1EF0C89400D39BA7 /* Test.app */;
			productType = "com.apple.product-type.application";
		};
		84AB27CE1EF0C89400D39BA7 /* TestTests */ = {
			isa = PBXNativeTarget;
			buildConfigurationList = 84AB27E61EF0C89400D39BA7 /* Build configuration list for PBXNativeTarget "TestTests" */;
			buildPhases = (
				84AB27CB1EF0C89400D39BA7 /* Sources */,
				84AB27CC1EF0C89400D39BA7 /* Frameworks */,
				84AB27CD1EF0C89400D39BA7 /* Resources */,
			);
			buildRules = (
			);
			dependencies = (
				84AB27D11EF0C89400D39BA7 /* PBXTargetDependency */,
			);
			name = TestTests;
			productName = TestTests;
			productReference = 84AB27CF1EF0C89400D39BA7 /* TestTests.xctest */;
			productType = "com.apple.product-type.bundle.unit-test";
		};
		84AB27D91EF0C89400D39BA7 /* TestUITests */ = {
			isa = PBXNativeTarget;
			buildConfigurationList = 84AB27E91EF0C89400D39BA7 /* Build configuration list for PBXNativeTarget "TestUITests" */;
			buildPhases = (
				84AB27D61EF0C89400D39BA7 /* Sources */,
				84AB27D71EF0C89400D39BA7 /* Frameworks */,
				84AB27D81EF0C89400D39BA7 /* Resources */,
			);
			buildRules = (
			);
			dependencies = (
				84AB27DC1EF0C89400D39BA7 /* PBXTargetDependency */,
			);
			name = TestUITests;
			productName = TestUITests;
			productReference = 84AB27DA1EF0C89400D39BA7 /* TestUITests.xctest */;
			productType = "com.apple.product-type.bundle.ui-testing";
		};
/* End PBXNativeTarget section */

/* Begin PBXProject section */
		84AB27B31EF0C89300D39BA7 /* Project object */ = {
			isa = PBXProject;
			attributes = {
				LastSwiftUpdateCheck = 0830;
				LastUpgradeCheck = 0830;
				ORGANIZATIONNAME = LiGongbo;
				TargetAttributes = {
					84AB27BA1EF0C89400D39BA7 = {
						CreatedOnToolsVersion = 8.3.2;
						DevelopmentTeam = ZN9FP4NC8P;
						LastSwiftMigration = 0830;
						ProvisioningStyle = Automatic;
						SystemCapabilities = {
							com.apple.BackgroundModes = {
								enabled = 1;
							};
						};
					};
					84AB27CE1EF0C89400D39BA7 = {
						CreatedOnToolsVersion = 8.3.2;
						ProvisioningStyle = Automatic;
						TestTargetID = 84AB27BA1EF0C89400D39BA7;
					};
					84AB27D91EF0C89400D39BA7 = {
						CreatedOnToolsVersion = 8.3.2;
						ProvisioningStyle = Automatic;
						TestTargetID = 84AB27BA1EF0C89400D39BA7;
					};
				};
			};
			buildConfigurationList = 84AB27B61EF0C89300D39BA7 /* Build configuration list for PBXProject "Test" */;
			compatibilityVersion = "Xcode 3.2";
			developmentRegion = English;
			hasScannedForEncodings = 0;
			knownRegions = (
				en,
				Base,
			);
			mainGroup = 84AB27B21EF0C89300D39BA7;
			productRefGroup = 84AB27BC1EF0C89400D39BA7 /* Products */;
			projectDirPath = "";
			projectRoot = "";
			targets = (
				84AB27BA1EF0C89400D39BA7 /* Test */,
				84AB27CE1EF0C89400D39BA7 /* TestTests */,
				84AB27D91EF0C89400D39BA7 /* TestUITests */,
			);
		};
/* End PBXProject section */

/* Begin PBXResourcesBuildPhase section */
		84AB27B91EF0C89400D39BA7 /* Resources */ = {
			isa = PBXResourcesBuildPhase;
			buildActionMask = 2147483647;
			files = (
				84BC8FEF1F41534F007AAA24 /* 10736444.mp3 in Resources */,
				84BC8FE41F41534F007AAA24 /* 10736444.lrc in Resources */,
				84BC8FF71F41534F007AAA24 /* 339744.mp3 in Resources */,
				84BC8FE61F41534F007AAA24 /* 12309111.lrc in Resources */,
				84BC90091F415549007AAA24 /* CyclePageCollectionViewCell.xib in Resources */,
				84BC8FE91F41534F007AAA24 /* 255319.lrc in Resources */,
				84BC8FF21F41534F007AAA24 /* 12309111.mp3 in Resources */,
				84AB27C91EF0C89400D39BA7 /* LaunchScreen.storyboard in Resources */,
				84BC8FD01F41534F007AAA24 /* bb_icon@2x.jpg in Resources */,
				84BC8FE01F41534F007AAA24 /* wf_icon@2x.jpg in Resources */,
				84BC8FDE1F41534F007AAA24 /* nanquan_icon@2x.jpg in Resources */,
				84BC8FF01F41534F007AAA24 /* 1201111234.mp3 in Resources */,
				84BC8FEE1F41534F007AAA24 /* 10405520.mp3 in Resources */,
				84BC8FDA1F41534F007AAA24 /* kzxd_icon@2x.jpg in Resources */,
				84BC8FD91F41534F007AAA24 /* kzxd@2x.jpg in Resources */,
				84BC8FDF1F41534F007AAA24 /* wf@2x.jpg in Resources */,
				84BC8FED1F41534F007AAA24 /* 月半小夜曲.lrc in Resources */,
				84BC8FF41F41534F007AAA24 /* 235319.mp3 in Resources */,
				84BC8FD41F41534F007AAA24 /* eason_icon@2x.jpg in Resources */,
				84BC8FEB1F41534F007AAA24 /* 339744.lrc in Resources */,
				84BC8FE31F41534F007AAA24 /* 10405520.lrc in Resources */,
				849E3CFA1F395626003FD26E /* Assets.xcassets in Resources */,
				84BC8FDD1F41534F007AAA24 /* nanquan@2x.jpg in Resources */,
				84BC8FD31F41534F007AAA24 /* eason@2x.jpg in Resources */,
				84BC8FF31F41534F007AAA24 /* 14945107.mp3 in Resources */,
				84BC8FE21F41534F007AAA24 /* zxy_icon@2x.jpg in Resources */,
				84AB27C41EF0C89400D39BA7 /* Main.storyboard in Resources */,
				84BC8FCB1F41534F007AAA24 /* MusicListTableViewCell.xib in Resources */,
				84BC8FD81F41534F007AAA24 /* jj_icon@2x.png in Resources */,
				84BC8FE81F41534F007AAA24 /* 235319.lrc in Resources */,
				84BC8FCF1F41534F007AAA24 /* bb@2x.jpg in Resources */,
				84BC8FEC1F41534F007AAA24 /* 后弦 - 小周末-bb0b7b6dec6a924c2ea9ff1dec40634c-17520166-00000000.lrc in Resources */,
				84BC8FF61F41534F007AAA24 /* 309769.mp3 in Resources */,
				84BC8FF11F41534F007AAA24 /* 120125029.mp3 in Resources */,
				84BC8FE51F41534F007AAA24 /* 120125029.lrc in Resources */,
				84BC8FD61F41534F007AAA24 /* jay_icon@2x.png in Resources */,
				84BC8FD71F41534F007AAA24 /* jj@2x.jpg in Resources */,
				84BC8FDB1F41534F007AAA24 /* lkq@2x.jpg in Resources */,
				84BC8FF81F41534F007AAA24 /* 后弦 - 小周末.mp3 in Resources */,
				84BC8FDC1F41534F007AAA24 /* lkq_icon@2x.jpg in Resources */,
				84BC8FE71F41534F007AAA24 /* 14945107.lrc in Resources */,
				84BC8FEA1F41534F007AAA24 /* 309769.lrc in Resources */,
				84BC8FD51F41534F007AAA24 /* jay@2x.jpg in Resources */,
				84BC8FF51F41534F007AAA24 /* 255319.mp3 in Resources */,
				84BC8FF91F41534F007AAA24 /* Musics.plist in Resources */,
				84BC8FFA1F41534F007AAA24 /* QQListBack.jpg in Resources */,
				84BC8FE11F41534F007AAA24 /* zxy@2x.jpg in Resources */,
				84BC8FD11F41534F007AAA24 /* dzq@2x.jpg in Resources */,
				84BC8FD21F41534F007AAA24 /* dzq_icon@2x.jpg in Resources */,
			);
			runOnlyForDeploymentPostprocessing = 0;
		};
		84AB27CD1EF0C89400D39BA7 /* Resources */ = {
			isa = PBXResourcesBuildPhase;
			buildActionMask = 2147483647;
			files = (
			);
			runOnlyForDeploymentPostprocessing = 0;
		};
		84AB27D81EF0C89400D39BA7 /* Resources */ = {
			isa = PBXResourcesBuildPhase;
			buildActionMask = 2147483647;
			files = (
			);
			runOnlyForDeploymentPostprocessing = 0;
		};
/* End PBXResourcesBuildPhase section */

/* Begin PBXShellScriptBuildPhase section */
		3E7A575202F33D104EA6ABAE /* [CP] Embed Pods Frameworks */ = {
			isa = PBXShellScriptBuildPhase;
			buildActionMask = 2147483647;
			files = (
			);
			inputPaths = (
			);
			name = "[CP] Embed Pods Frameworks";
			outputPaths = (
			);
			runOnlyForDeploymentPostprocessing = 0;
			shellPath = /bin/sh;
			shellScript = "\"${SRCROOT}/Pods/Target Support Files/Pods-Test/Pods-Test-frameworks.sh\"\n";
			showEnvVarsInLog = 0;
		};
		BD21FAB24688183BEDEB35A1 /* [CP] Copy Pods Resources */ = {
			isa = PBXShellScriptBuildPhase;
			buildActionMask = 2147483647;
			files = (
			);
			inputPaths = (
			);
			name = "[CP] Copy Pods Resources";
			outputPaths = (
			);
			runOnlyForDeploymentPostprocessing = 0;
			shellPath = /bin/sh;
			shellScript = "\"${SRCROOT}/Pods/Target Support Files/Pods-Test/Pods-Test-resources.sh\"\n";
			showEnvVarsInLog = 0;
		};
		C9C249AB909456A6CE83F2CD /* [CP] Check Pods Manifest.lock */ = {
			isa = PBXShellScriptBuildPhase;
			buildActionMask = 2147483647;
			files = (
			);
			inputPaths = (
			);
			name = "[CP] Check Pods Manifest.lock";
			outputPaths = (
			);
			runOnlyForDeploymentPostprocessing = 0;
			shellPath = /bin/sh;
			shellScript = "diff \"${PODS_ROOT}/../Podfile.lock\" \"${PODS_ROOT}/Manifest.lock\" > /dev/null\nif [ $? != 0 ] ; then\n    # print error to STDERR\n    echo \"error: The sandbox is not in sync with the Podfile.lock. Run 'pod install' or update your CocoaPods installation.\" >&2\n    exit 1\nfi\n";
			showEnvVarsInLog = 0;
		};
/* End PBXShellScriptBuildPhase section */

/* Begin PBXSourcesBuildPhase section */
		84AB27B71EF0C89400D39BA7 /* Sources */ = {
			isa = PBXSourcesBuildPhase;
			buildActionMask = 2147483647;
			files = (
				84BC8FCE1F41534F007AAA24 /* File.swift in Sources */,
				84BC8FBF1F41534F007AAA24 /* SCXMusicModel.swift in Sources */,
				84BC8FC71F41534F007AAA24 /* SCXBottomView.swift in Sources */,
				84BC8FCC1F41534F007AAA24 /* MusicListView.swift in Sources */,
				84BC90081F415549007AAA24 /* CyclePageCollectionViewCell.swift in Sources */,
				84BC8FC31F41534F007AAA24 /* SCXPlayTool.swift in Sources */,
				84BC8FC51F41534F007AAA24 /* SCXPopAnimation.swift in Sources */,
				84BC90001F41534F007AAA24 /* TYPageControl.m in Sources */,
				84BC90021F41534F007AAA24 /* PopoverView.m in Sources */,
				84AB27C11EF0C89400D39BA7 /* ViewController.swift in Sources */,
				84AB27BF1EF0C89400D39BA7 /* AppDelegate.swift in Sources */,
				84BC8FCD1F41534F007AAA24 /* SCXTopView.swift in Sources */,
				84BC8FBE1F41534F007AAA24 /* HStartSelectView.m in Sources */,
				84BC8FCA1F41534F007AAA24 /* MusicListTableViewCell.swift in Sources */,
				84BC8F5A1F414E62007AAA24 /* CyclePageViewController.swift in Sources */,
				845A799D1F343A21008B1241 /* UIView+LH.swift in Sources */,
				84BC8FFD1F41534F007AAA24 /* StarEvaluateView.swift in Sources */,
				84BC8FFE1F41534F007AAA24 /* TYCyclePagerTransformLayout.m in Sources */,
				84BC8FC41F41534F007AAA24 /* SCXTimeTool.swift in Sources */,
				84BC8FC81F41534F007AAA24 /* SCXMidView.swift in Sources */,
				846818ED1F3C060300B5C5BF /* SCXDetailViewController.swift in Sources */,
				84BC90031F41534F007AAA24 /* PopoverViewCell.m in Sources */,
				84BC90011F41534F007AAA24 /* PopoverAction.m in Sources */,
				84BC8FC61F41534F007AAA24 /* SCXPresentationController.swift in Sources */,
				846818EC1F3C060300B5C5BF /* GlobalView.swift in Sources */,
				84BC8FFC1F41534F007AAA24 /* SCCycleScrollViewCell.swift in Sources */,
				846818EB1F3C060300B5C5BF /* FirstViewController.swift in Sources */,
				846818F01F3C07AD00B5C5BF /* RecordViewController.swift in Sources */,
				84BC8FC01F41534F007AAA24 /* SCXPlayModel.swift in Sources */,
				84BC8FC21F41534F007AAA24 /* SCXMusicMidTool.swift in Sources */,
				84BC8FC11F41534F007AAA24 /* SCXModelTool.swift in Sources */,
				84BC8FFF1F41534F007AAA24 /* TYCyclePagerView.m in Sources */,
				84BC8FC91F41534F007AAA24 /* DropListCoverView.swift in Sources */,
				84BC90041F41534F007AAA24 /* WMDragView.m in Sources */,
				84BC8FFB1F41534F007AAA24 /* SCCycleScrollView.swift in Sources */,
				845A799B1F343784008B1241 /* FloatView.m in Sources */,
			);
			runOnlyForDeploymentPostprocessing = 0;
		};
		84AB27CB1EF0C89400D39BA7 /* Sources */ = {
			isa = PBXSourcesBuildPhase;
			buildActionMask = 2147483647;
			files = (
				84AB27D41EF0C89400D39BA7 /* TestTests.swift in Sources */,
			);
			runOnlyForDeploymentPostprocessing = 0;
		};
		84AB27D61EF0C89400D39BA7 /* Sources */ = {
			isa = PBXSourcesBuildPhase;
			buildActionMask = 2147483647;
			files = (
				84AB27DF1EF0C89400D39BA7 /* TestUITests.swift in Sources */,
			);
			runOnlyForDeploymentPostprocessing = 0;
		};
/* End PBXSourcesBuildPhase section */

/* Begin PBXTargetDependency section */
		84AB27D11EF0C89400D39BA7 /* PBXTargetDependency */ = {
			isa = PBXTargetDependency;
			target = 84AB27BA1EF0C89400D39BA7 /* Test */;
			targetProxy = 84AB27D01EF0C89400D39BA7 /* PBXContainerItemProxy */;
		};
		84AB27DC1EF0C89400D39BA7 /* PBXTargetDependency */ = {
			isa = PBXTargetDependency;
			target = 84AB27BA1EF0C89400D39BA7 /* Test */;
			targetProxy = 84AB27DB1EF0C89400D39BA7 /* PBXContainerItemProxy */;
		};
/* End PBXTargetDependency section */

/* Begin PBXVariantGroup section */
		84AB27C21EF0C89400D39BA7 /* Main.storyboard */ = {
			isa = PBXVariantGroup;
			children = (
				84AB27C31EF0C89400D39BA7 /* Base */,
			);
			name = Main.storyboard;
			sourceTree = "<group>";
		};
		84AB27C71EF0C89400D39BA7 /* LaunchScreen.storyboard */ = {
			isa = PBXVariantGroup;
			children = (
				84AB27C81EF0C89400D39BA7 /* Base */,
			);
			name = LaunchScreen.storyboard;
			sourceTree = "<group>";
		};
/* End PBXVariantGroup section */

/* Begin XCBuildConfiguration section */
		84AB27E11EF0C89400D39BA7 /* Debug */ = {
			isa = XCBuildConfiguration;
			buildSettings = {
				ALWAYS_SEARCH_USER_PATHS = NO;
				CLANG_ANALYZER_NONNULL = YES;
				CLANG_ANALYZER_NUMBER_OBJECT_CONVERSION = YES_AGGRESSIVE;
				CLANG_CXX_LANGUAGE_STANDARD = "gnu++0x";
				CLANG_CXX_LIBRARY = "libc++";
				CLANG_ENABLE_MODULES = YES;
				CLANG_ENABLE_OBJC_ARC = YES;
				CLANG_WARN_BOOL_CONVERSION = YES;
				CLANG_WARN_CONSTANT_CONVERSION = YES;
				CLANG_WARN_DIRECT_OBJC_ISA_USAGE = YES_ERROR;
				CLANG_WARN_DOCUMENTATION_COMMENTS = YES;
				CLANG_WARN_EMPTY_BODY = YES;
				CLANG_WARN_ENUM_CONVERSION = YES;
				CLANG_WARN_INFINITE_RECURSION = YES;
				CLANG_WARN_INT_CONVERSION = YES;
				CLANG_WARN_OBJC_ROOT_CLASS = YES_ERROR;
				CLANG_WARN_SUSPICIOUS_MOVE = YES;
				CLANG_WARN_UNREACHABLE_CODE = YES;
				CLANG_WARN__DUPLICATE_METHOD_MATCH = YES;
				"CODE_SIGN_IDENTITY[sdk=iphoneos*]" = "iPhone Developer";
				COPY_PHASE_STRIP = NO;
				DEBUG_INFORMATION_FORMAT = dwarf;
				ENABLE_STRICT_OBJC_MSGSEND = YES;
				ENABLE_TESTABILITY = YES;
				GCC_C_LANGUAGE_STANDARD = gnu99;
				GCC_DYNAMIC_NO_PIC = NO;
				GCC_NO_COMMON_BLOCKS = YES;
				GCC_OPTIMIZATION_LEVEL = 0;
				GCC_PREPROCESSOR_DEFINITIONS = (
					"DEBUG=1",
					"$(inherited)",
				);
				GCC_WARN_64_TO_32_BIT_CONVERSION = YES;
				GCC_WARN_ABOUT_RETURN_TYPE = YES_ERROR;
				GCC_WARN_UNDECLARED_SELECTOR = YES;
				GCC_WARN_UNINITIALIZED_AUTOS = YES_AGGRESSIVE;
				GCC_WARN_UNUSED_FUNCTION = YES;
				GCC_WARN_UNUSED_VARIABLE = YES;
				IPHONEOS_DEPLOYMENT_TARGET = 10.3;
				MTL_ENABLE_DEBUG_INFO = YES;
				ONLY_ACTIVE_ARCH = YES;
				SDKROOT = iphoneos;
				SWIFT_ACTIVE_COMPILATION_CONDITIONS = DEBUG;
				SWIFT_OPTIMIZATION_LEVEL = "-Onone";
			};
			name = Debug;
		};
		84AB27E21EF0C89400D39BA7 /* Release */ = {
			isa = XCBuildConfiguration;
			buildSettings = {
				ALWAYS_SEARCH_USER_PATHS = NO;
				CLANG_ANALYZER_NONNULL = YES;
				CLANG_ANALYZER_NUMBER_OBJECT_CONVERSION = YES_AGGRESSIVE;
				CLANG_CXX_LANGUAGE_STANDARD = "gnu++0x";
				CLANG_CXX_LIBRARY = "libc++";
				CLANG_ENABLE_MODULES = YES;
				CLANG_ENABLE_OBJC_ARC = YES;
				CLANG_WARN_BOOL_CONVERSION = YES;
				CLANG_WARN_CONSTANT_CONVERSION = YES;
				CLANG_WARN_DIRECT_OBJC_ISA_USAGE = YES_ERROR;
				CLANG_WARN_DOCUMENTATION_COMMENTS = YES;
				CLANG_WARN_EMPTY_BODY = YES;
				CLANG_WARN_ENUM_CONVERSION = YES;
				CLANG_WARN_INFINITE_RECURSION = YES;
				CLANG_WARN_INT_CONVERSION = YES;
				CLANG_WARN_OBJC_ROOT_CLASS = YES_ERROR;
				CLANG_WARN_SUSPICIOUS_MOVE = YES;
				CLANG_WARN_UNREACHABLE_CODE = YES;
				CLANG_WARN__DUPLICATE_METHOD_MATCH = YES;
				"CODE_SIGN_IDENTITY[sdk=iphoneos*]" = "iPhone Developer";
				COPY_PHASE_STRIP = NO;
				DEBUG_INFORMATION_FORMAT = "dwarf-with-dsym";
				ENABLE_NS_ASSERTIONS = NO;
				ENABLE_STRICT_OBJC_MSGSEND = YES;
				GCC_C_LANGUAGE_STANDARD = gnu99;
				GCC_NO_COMMON_BLOCKS = YES;
				GCC_WARN_64_TO_32_BIT_CONVERSION = YES;
				GCC_WARN_ABOUT_RETURN_TYPE = YES_ERROR;
				GCC_WARN_UNDECLARED_SELECTOR = YES;
				GCC_WARN_UNINITIALIZED_AUTOS = YES_AGGRESSIVE;
				GCC_WARN_UNUSED_FUNCTION = YES;
				GCC_WARN_UNUSED_VARIABLE = YES;
				IPHONEOS_DEPLOYMENT_TARGET = 10.3;
				MTL_ENABLE_DEBUG_INFO = NO;
				SDKROOT = iphoneos;
				SWIFT_OPTIMIZATION_LEVEL = "-Owholemodule";
				VALIDATE_PRODUCT = YES;
			};
			name = Release;
		};
		84AB27E41EF0C89400D39BA7 /* Debug */ = {
			isa = XCBuildConfiguration;
			baseConfigurationReference = 6F1B5E21586860A62B60F499 /* Pods-Test.debug.xcconfig */;
			buildSettings = {
				ALWAYS_EMBED_SWIFT_STANDARD_LIBRARIES = YES;
				ASSETCATALOG_COMPILER_APPICON_NAME = AppIcon;
				CLANG_ENABLE_MODULES = YES;
				DEVELOPMENT_TEAM = ZN9FP4NC8P;
				INFOPLIST_FILE = Test/Info.plist;
				IPHONEOS_DEPLOYMENT_TARGET = 8.0;
				LD_RUNPATH_SEARCH_PATHS = "$(inherited) @executable_path/Frameworks";
				PRODUCT_BUNDLE_IDENTIFIER = LC.Test;
				PRODUCT_NAME = "$(TARGET_NAME)";
				SWIFT_OBJC_BRIDGING_HEADER = "Test/Test-Bridging-Header.h";
				SWIFT_OPTIMIZATION_LEVEL = "-Onone";
				SWIFT_VERSION = 3.0;
				USER_HEADER_SEARCH_PATHS = "${SRCROOT}/**";
			};
			name = Debug;
		};
		84AB27E51EF0C89400D39BA7 /* Release */ = {
			isa = XCBuildConfiguration;
			baseConfigurationReference = 1AE83B7D48FA67CA783FBC40 /* Pods-Test.release.xcconfig */;
			buildSettings = {
				ALWAYS_EMBED_SWIFT_STANDARD_LIBRARIES = YES;
				ASSETCATALOG_COMPILER_APPICON_NAME = AppIcon;
				CLANG_ENABLE_MODULES = YES;
				DEVELOPMENT_TEAM = ZN9FP4NC8P;
				INFOPLIST_FILE = Test/Info.plist;
				IPHONEOS_DEPLOYMENT_TARGET = 8.0;
				LD_RUNPATH_SEARCH_PATHS = "$(inherited) @executable_path/Frameworks";
				PRODUCT_BUNDLE_IDENTIFIER = LC.Test;
				PRODUCT_NAME = "$(TARGET_NAME)";
				SWIFT_OBJC_BRIDGING_HEADER = "Test/Test-Bridging-Header.h";
				SWIFT_VERSION = 3.0;
				USER_HEADER_SEARCH_PATHS = "${SRCROOT}/**";
			};
			name = Release;
		};
		84AB27E71EF0C89400D39BA7 /* Debug */ = {
			isa = XCBuildConfiguration;
			buildSettings = {
				ALWAYS_EMBED_SWIFT_STANDARD_LIBRARIES = YES;
				BUNDLE_LOADER = "$(TEST_HOST)";
				INFOPLIST_FILE = TestTests/Info.plist;
				LD_RUNPATH_SEARCH_PATHS = "$(inherited) @executable_path/Frameworks @loader_path/Frameworks";
				PRODUCT_BUNDLE_IDENTIFIER = LC.TestTests;
				PRODUCT_NAME = "$(TARGET_NAME)";
				SWIFT_VERSION = 3.0;
				TEST_HOST = "$(BUILT_PRODUCTS_DIR)/Test.app/Test";
			};
			name = Debug;
		};
		84AB27E81EF0C89400D39BA7 /* Release */ = {
			isa = XCBuildConfiguration;
			buildSettings = {
				ALWAYS_EMBED_SWIFT_STANDARD_LIBRARIES = YES;
				BUNDLE_LOADER = "$(TEST_HOST)";
				INFOPLIST_FILE = TestTests/Info.plist;
				LD_RUNPATH_SEARCH_PATHS = "$(inherited) @executable_path/Frameworks @loader_path/Frameworks";
				PRODUCT_BUNDLE_IDENTIFIER = LC.TestTests;
				PRODUCT_NAME = "$(TARGET_NAME)";
				SWIFT_VERSION = 3.0;
				TEST_HOST = "$(BUILT_PRODUCTS_DIR)/Test.app/Test";
			};
			name = Release;
		};
		84AB27EA1EF0C89400D39BA7 /* Debug */ = {
			isa = XCBuildConfiguration;
			buildSettings = {
				ALWAYS_EMBED_SWIFT_STANDARD_LIBRARIES = YES;
				INFOPLIST_FILE = TestUITests/Info.plist;
				LD_RUNPATH_SEARCH_PATHS = "$(inherited) @executable_path/Frameworks @loader_path/Frameworks";
				PRODUCT_BUNDLE_IDENTIFIER = LC.TestUITests;
				PRODUCT_NAME = "$(TARGET_NAME)";
				SWIFT_VERSION = 3.0;
				TEST_TARGET_NAME = Test;
			};
			name = Debug;
		};
		84AB27EB1EF0C89400D39BA7 /* Release */ = {
			isa = XCBuildConfiguration;
			buildSettings = {
				ALWAYS_EMBED_SWIFT_STANDARD_LIBRARIES = YES;
				INFOPLIST_FILE = TestUITests/Info.plist;
				LD_RUNPATH_SEARCH_PATHS = "$(inherited) @executable_path/Frameworks @loader_path/Frameworks";
				PRODUCT_BUNDLE_IDENTIFIER = LC.TestUITests;
				PRODUCT_NAME = "$(TARGET_NAME)";
				SWIFT_VERSION = 3.0;
				TEST_TARGET_NAME = Test;
			};
			name = Release;
		};
/* End XCBuildConfiguration section */

/* Begin XCConfigurationList section */
		84AB27B61EF0C89300D39BA7 /* Build configuration list for PBXProject "Test" */ = {
			isa = XCConfigurationList;
			buildConfigurations = (
				84AB27E11EF0C89400D39BA7 /* Debug */,
				84AB27E21EF0C89400D39BA7 /* Release */,
			);
			defaultConfigurationIsVisible = 0;
			defaultConfigurationName = Release;
		};
		84AB27E31EF0C89400D39BA7 /* Build configuration list for PBXNativeTarget "Test" */ = {
			isa = XCConfigurationList;
			buildConfigurations = (
				84AB27E41EF0C89400D39BA7 /* Debug */,
				84AB27E51EF0C89400D39BA7 /* Release */,
			);
			defaultConfigurationIsVisible = 0;
			defaultConfigurationName = Release;
		};
		84AB27E61EF0C89400D39BA7 /* Build configuration list for PBXNativeTarget "TestTests" */ = {
			isa = XCConfigurationList;
			buildConfigurations = (
				84AB27E71EF0C89400D39BA7 /* Debug */,
				84AB27E81EF0C89400D39BA7 /* Release */,
			);
			defaultConfigurationIsVisible = 0;
			defaultConfigurationName = Release;
		};
		84AB27E91EF0C89400D39BA7 /* Build configuration list for PBXNativeTarget "TestUITests" */ = {
			isa = XCConfigurationList;
			buildConfigurations = (
				84AB27EA1EF0C89400D39BA7 /* Debug */,
				84AB27EB1EF0C89400D39BA7 /* Release */,
			);
			defaultConfigurationIsVisible = 0;
			defaultConfigurationName = Release;
		};
/* End XCConfigurationList section */
	};
	rootObject = 84AB27B31EF0C89300D39BA7 /* Project object */;
}
